// !$*UTF8*$!
{
	archiveVersion = 1;
	classes = {
	};
	objectVersion = 46;
	objects = {

/* Begin PBXBuildFile section */
		3055E7D71CA2D7B000093058 /* main.m in Sources */ = {isa = PBXBuildFile; fileRef = 3055E7D61CA2D7B000093058 /* main.m */; };
		3055E7DA1CA2D7B000093058 /* AppDelegate.m in Sources */ = {isa = PBXBuildFile; fileRef = 3055E7D91CA2D7B000093058 /* AppDelegate.m */; };
		3055E7E01CA2D7B000093058 /* Main.storyboard in Resources */ = {isa = PBXBuildFile; fileRef = 3055E7DE1CA2D7B000093058 /* Main.storyboard */; };
		3055E7E21CA2D7B000093058 /* Assets.xcassets in Resources */ = {isa = PBXBuildFile; fileRef = 3055E7E11CA2D7B000093058 /* Assets.xcassets */; };
		3055E7E51CA2D7B000093058 /* LaunchScreen.storyboard in Resources */ = {isa = PBXBuildFile; fileRef = 3055E7E31CA2D7B000093058 /* LaunchScreen.storyboard */; };
		3055E7F71CA2D90B00093058 /* MultiRowTabBarController.m in Sources */ = {isa = PBXBuildFile; fileRef = 3055E7EF1CA2D90B00093058 /* MultiRowTabBarController.m */; };
		3055E7F81CA2D90B00093058 /* TabBarItems.plist in Resources */ = {isa = PBXBuildFile; fileRef = 3055E7F01CA2D90B00093058 /* TabBarItems.plist */; };
		3055E7F91CA2D90B00093058 /* MRMenu.m in Sources */ = {isa = PBXBuildFile; fileRef = 3055E7F21CA2D90B00093058 /* MRMenu.m */; };
		3055E7FA1CA2D90B00093058 /* MRMenu.xib in Resources */ = {isa = PBXBuildFile; fileRef = 3055E7F31CA2D90B00093058 /* MRMenu.xib */; };
		3055E7FB1CA2D90B00093058 /* MRMenuItem.m in Sources */ = {isa = PBXBuildFile; fileRef = 3055E7F51CA2D90B00093058 /* MRMenuItem.m */; };
		3055E7FC1CA2D90B00093058 /* MRMenuItem.xib in Resources */ = {isa = PBXBuildFile; fileRef = 3055E7F61CA2D90B00093058 /* MRMenuItem.xib */; };
		3055E7FF1CA2D94A00093058 /* TabBarViewController.m in Sources */ = {isa = PBXBuildFile; fileRef = 3055E7FE1CA2D94A00093058 /* TabBarViewController.m */; };
/* End PBXBuildFile section */

/* Begin PBXFileReference section */
		3055E7D21CA2D7B000093058 /* MultiRowTabBarDemo.app */ = {isa = PBXFileReference; explicitFileType = wrapper.application; includeInIndex = 0; path = MultiRowTabBarDemo.app; sourceTree = BUILT_PRODUCTS_DIR; };
		3055E7D61CA2D7B000093058 /* main.m */ = {isa = PBXFileReference; lastKnownFileType = sourcecode.c.objc; path = main.m; sourceTree = "<group>"; };
		3055E7D81CA2D7B000093058 /* AppDelegate.h */ = {isa = PBXFileReference; lastKnownFileType = sourcecode.c.h; path = AppDelegate.h; sourceTree = "<group>"; };
		3055E7D91CA2D7B000093058 /* AppDelegate.m */ = {isa = PBXFileReference; lastKnownFileType = sourcecode.c.objc; path = AppDelegate.m; sourceTree = "<group>"; };
		3055E7DF1CA2D7B000093058 /* Base */ = {isa = PBXFileReference; lastKnownFileType = file.storyboard; name = Base; path = Base.lproj/Main.storyboard; sourceTree = "<group>"; };
		3055E7E11CA2D7B000093058 /* Assets.xcassets */ = {isa = PBXFileReference; lastKnownFileType = folder.assetcatalog; path = Assets.xcassets; sourceTree = "<group>"; };
		3055E7E41CA2D7B000093058 /* Base */ = {isa = PBXFileReference; lastKnownFileType = file.storyboard; name = Base; path = Base.lproj/LaunchScreen.storyboard; sourceTree = "<group>"; };
		3055E7E61CA2D7B000093058 /* Info.plist */ = {isa = PBXFileReference; lastKnownFileType = text.plist.xml; path = Info.plist; sourceTree = "<group>"; };
		3055E7EE1CA2D90B00093058 /* MultiRowTabBarController.h */ = {isa = PBXFileReference; fileEncoding = 4; lastKnownFileType = sourcecode.c.h; path = MultiRowTabBarController.h; sourceTree = "<group>"; };
		3055E7EF1CA2D90B00093058 /* MultiRowTabBarController.m */ = {isa = PBXFileReference; fileEncoding = 4; lastKnownFileType = sourcecode.c.objc; path = MultiRowTabBarController.m; sourceTree = "<group>"; };
		3055E7F01CA2D90B00093058 /* TabBarItems.plist */ = {isa = PBXFileReference; fileEncoding = 4; lastKnownFileType = text.plist.xml; path = TabBarItems.plist; sourceTree = "<group>"; };
		3055E7F11CA2D90B00093058 /* MRMenu.h */ = {isa = PBXFileReference; fileEncoding = 4; lastKnownFileType = sourcecode.c.h; path = MRMenu.h; sourceTree = "<group>"; };
		3055E7F21CA2D90B00093058 /* MRMenu.m */ = {isa = PBXFileReference; fileEncoding = 4; lastKnownFileType = sourcecode.c.objc; path = MRMenu.m; sourceTree = "<group>"; };
		3055E7F31CA2D90B00093058 /* MRMenu.xib */ = {isa = PBXFileReference; fileEncoding = 4; lastKnownFileType = file.xib; path = MRMenu.xib; sourceTree = "<group>"; };
		3055E7F41CA2D90B00093058 /* MRMenuItem.h */ = {isa = PBXFileReference; fileEncoding = 4; lastKnownFileType = sourcecode.c.h; path = MRMenuItem.h; sourceTree = "<group>"; };
		3055E7F51CA2D90B00093058 /* MRMenuItem.m */ = {isa = PBXFileReference; fileEncoding = 4; lastKnownFileType = sourcecode.c.objc; path = MRMenuItem.m; sourceTree = "<group>"; };
		3055E7F61CA2D90B00093058 /* MRMenuItem.xib */ = {isa = PBXFileReference; fileEncoding = 4; lastKnownFileType = file.xib; path = MRMenuItem.xib; sourceTree = "<group>"; };
		3055E7FD1CA2D94A00093058 /* TabBarViewController.h */ = {isa = PBXFileReference; fileEncoding = 4; lastKnownFileType = sourcecode.c.h; path = TabBarViewController.h; sourceTree = "<group>"; };
		3055E7FE1CA2D94A00093058 /* TabBarViewController.m */ = {isa = PBXFileReference; fileEncoding = 4; lastKnownFileType = sourcecode.c.objc; path = TabBarViewController.m; sourceTree = "<group>"; };
/* End PBXFileReference section */

/* Begin PBXFrameworksBuildPhase section */
		3055E7CF1CA2D7B000093058 /* Frameworks */ = {
			isa = PBXFrameworksBuildPhase;
			buildActionMask = 2147483647;
			files = (
			);
			runOnlyForDeploymentPostprocessing = 0;
		};
/* End PBXFrameworksBuildPhase section */

/* Begin PBXGroup section */
		3055E7C91CA2D7B000093058 = {
			isa = PBXGroup;
			children = (
				3055E7D41CA2D7B000093058 /* MultiRowTabBarDemo */,
				3055E7D31CA2D7B000093058 /* Products */,
			);
			sourceTree = "<group>";
		};
		3055E7D31CA2D7B000093058 /* Products */ = {
			isa = PBXGroup;
			children = (
				3055E7D21CA2D7B000093058 /* MultiRowTabBarDemo.app */,
			);
			name = Products;
			sourceTree = "<group>";
		};
		3055E7D41CA2D7B000093058 /* MultiRowTabBarDemo */ = {
			isa = PBXGroup;
			children = (
				3055E7EC1CA2D8E100093058 /* lib */,
				3055E7D81CA2D7B000093058 /* AppDelegate.h */,
				3055E7D91CA2D7B000093058 /* AppDelegate.m */,
				3055E7DE1CA2D7B000093058 /* Main.storyboard */,
				3055E7E11CA2D7B000093058 /* Assets.xcassets */,
				3055E7E31CA2D7B000093058 /* LaunchScreen.storyboard */,
				3055E7E61CA2D7B000093058 /* Info.plist */,
				3055E7D51CA2D7B000093058 /* Supporting Files */,
				3055E7FD1CA2D94A00093058 /* TabBarViewController.h */,
				3055E7FE1CA2D94A00093058 /* TabBarViewController.m */,
			);
			path = MultiRowTabBarDemo;
			sourceTree = "<group>";
		};
		3055E7D51CA2D7B000093058 /* Supporting Files */ = {
			isa = PBXGroup;
			children = (
				3055E7D61CA2D7B000093058 /* main.m */,
			);
			name = "Supporting Files";
			sourceTree = "<group>";
		};
		3055E7EC1CA2D8E100093058 /* lib */ = {
			isa = PBXGroup;
			children = (
				3055E7ED1CA2D8EC00093058 /* MultiRowTabBar */,
			);
			name = lib;
			sourceTree = "<group>";
		};
		3055E7ED1CA2D8EC00093058 /* MultiRowTabBar */ = {
			isa = PBXGroup;
			children = (
				3055E7EE1CA2D90B00093058 /* MultiRowTabBarController.h */,
				3055E7EF1CA2D90B00093058 /* MultiRowTabBarController.m */,
				3055E7F01CA2D90B00093058 /* TabBarItems.plist */,
				3055E7F11CA2D90B00093058 /* MRMenu.h */,
				3055E7F21CA2D90B00093058 /* MRMenu.m */,
				3055E7F31CA2D90B00093058 /* MRMenu.xib */,
				3055E7F41CA2D90B00093058 /* MRMenuItem.h */,
				3055E7F51CA2D90B00093058 /* MRMenuItem.m */,
				3055E7F61CA2D90B00093058 /* MRMenuItem.xib */,
			);
			name = MultiRowTabBar;
			sourceTree = "<group>";
		};
/* End PBXGroup section */

/* Begin PBXNativeTarget section */
		3055E7D11CA2D7B000093058 /* MultiRowTabBarDemo */ = {
			isa = PBXNativeTarget;
			buildConfigurationList = 3055E7E91CA2D7B000093058 /* Build configuration list for PBXNativeTarget "MultiRowTabBarDemo" */;
			buildPhases = (
				3055E7CE1CA2D7B000093058 /* Sources */,
				3055E7CF1CA2D7B000093058 /* Frameworks */,
				3055E7D01CA2D7B000093058 /* Resources */,
			);
			buildRules = (
			);
			dependencies = (
			);
			name = MultiRowTabBarDemo;
			productName = MultiRowTabBarDemo;
			productReference = 3055E7D21CA2D7B000093058 /* MultiRowTabBarDemo.app */;
			productType = "com.apple.product-type.application";
		};
/* End PBXNativeTarget section */

/* Begin PBXProject section */
		3055E7CA1CA2D7B000093058 /* Project object */ = {
			isa = PBXProject;
			attributes = {
				LastUpgradeCheck = 0710;
				ORGANIZATIONNAME = "Srinivasan Dodda";
				TargetAttributes = {
					3055E7D11CA2D7B000093058 = {
						CreatedOnToolsVersion = 7.1.1;
					};
				};
			};
			buildConfigurationList = 3055E7CD1CA2D7B000093058 /* Build configuration list for PBXProject "MultiRowTabBarDemo" */;
			compatibilityVersion = "Xcode 3.2";
			developmentRegion = English;
			hasScannedForEncodings = 0;
			knownRegions = (
				en,
				Base,
			);
			mainGroup = 3055E7C91CA2D7B000093058;
			productRefGroup = 3055E7D31CA2D7B000093058 /* Products */;
			projectDirPath = "";
			projectRoot = "";
			targets = (
				3055E7D11CA2D7B000093058 /* MultiRowTabBarDemo */,
			);
		};
/* End PBXProject section */

/* Begin PBXResourcesBuildPhase section */
		3055E7D01CA2D7B000093058 /* Resources */ = {
			isa = PBXResourcesBuildPhase;
			buildActionMask = 2147483647;
			files = (
				3055E7E51CA2D7B000093058 /* LaunchScreen.storyboard in Resources */,
				3055E7F81CA2D90B00093058 /* TabBarItems.plist in Resources */,
				3055E7FC1CA2D90B00093058 /* MRMenuItem.xib in Resources */,
				3055E7FA1CA2D90B00093058 /* MRMenu.xib in Resources */,
				3055E7E21CA2D7B000093058 /* Assets.xcassets in Resources */,
				3055E7E01CA2D7B000093058 /* Main.storyboard in Resources */,
			);
			runOnlyForDeploymentPostprocessing = 0;
		};
/* End PBXResourcesBuildPhase section */

/* Begin PBXSourcesBuildPhase section */
		3055E7CE1CA2D7B000093058 /* Sources */ = {
			isa = PBXSourcesBuildPhase;
			buildActionMask = 2147483647;
			files = (
				3055E7DA1CA2D7B000093058 /* AppDelegate.m in Sources */,
				3055E7D71CA2D7B000093058 /* main.m in Sources */,
				3055E7FB1CA2D90B00093058 /* MRMenuItem.m in Sources */,
				3055E7F71CA2D90B00093058 /* MultiRowTabBarController.m in Sources */,
				3055E7FF1CA2D94A00093058 /* TabBarViewController.m in Sources */,
				3055E7F91CA2D90B00093058 /* MRMenu.m in Sources */,
			);
			runOnlyForDeploymentPostprocessing = 0;
		};
/* End PBXSourcesBuildPhase section */

/* Begin PBXVariantGroup section */
		3055E7DE1CA2D7B000093058 /* Main.storyboard */ = {
			isa = PBXVariantGroup;
			children = (
				3055E7DF1CA2D7B000093058 /* Base */,
			);
			name = Main.storyboard;
			sourceTree = "<group>";
		};
		3055E7E31CA2D7B000093058 /* LaunchScreen.storyboard */ = {
			isa = PBXVariantGroup;
			children = (
				3055E7E41CA2D7B000093058 /* Base */,
			);
			name = LaunchScreen.storyboard;
			sourceTree = "<group>";
		};
/* End PBXVariantGroup section */

/* Begin XCBuildConfiguration section */
		3055E7E71CA2D7B000093058 /* Debug */ = {
			isa = XCBuildConfiguration;
			buildSettings = {
				ALWAYS_SEARCH_USER_PATHS = NO;
				CLANG_CXX_LANGUAGE_STANDARD = "gnu++0x";
				CLANG_CXX_LIBRARY = "libc++";
				CLANG_ENABLE_MODULES = YES;
				CLANG_ENABLE_OBJC_ARC = YES;
				CLANG_WARN_BOOL_CONVERSION = YES;
				CLANG_WARN_CONSTANT_CONVERSION = YES;
				CLANG_WARN_DIRECT_OBJC_ISA_USAGE = YES_ERROR;
				CLANG_WARN_EMPTY_BODY = YES;
				CLANG_WARN_ENUM_CONVERSION = YES;
				CLANG_WARN_INT_CONVERSION = YES;
				CLANG_WARN_OBJC_ROOT_CLASS = YES_ERROR;
				CLANG_WARN_UNREACHABLE_CODE = YES;
				CLANG_WARN__DUPLICATE_METHOD_MATCH = YES;
				"CODE_SIGN_IDENTITY[sdk=iphoneos*]" = "iPhone Developer";
				COPY_PHASE_STRIP = NO;
				DEBUG_INFORMATION_FORMAT = dwarf;
				ENABLE_STRICT_OBJC_MSGSEND = YES;
				ENABLE_TESTABILITY = YES;
				GCC_C_LANGUAGE_STANDARD = gnu99;
				GCC_DYNAMIC_NO_PIC = NO;
				GCC_NO_COMMON_BLOCKS = YES;
				GCC_OPTIMIZATION_LEVEL = 0;
				GCC_PREPROCESSOR_DEFINITIONS = (
					"DEBUG=1",
					"$(inherited)",
				);
				GCC_WARN_64_TO_32_BIT_CONVERSION = YES;
				GCC_WARN_ABOUT_RETURN_TYPE = YES_ERROR;
				GCC_WARN_UNDECLARED_SELECTOR = YES;
				GCC_WARN_UNINITIALIZED_AUTOS = YES_AGGRESSIVE;
				GCC_WARN_UNUSED_FUNCTION = YES;
				GCC_WARN_UNUSED_VARIABLE = YES;
				IPHONEOS_DEPLOYMENT_TARGET = 9.1;
				MTL_ENABLE_DEBUG_INFO = YES;
				ONLY_ACTIVE_ARCH = YES;
				SDKROOT = iphoneos;
				TARGETED_DEVICE_FAMILY = "1,2";
			};
			name = Debug;
		};
		3055E7E81CA2D7B000093058 /* Release */ = {
			isa = XCBuildConfiguration;
			buildSettings = {
				ALWAYS_SEARCH_USER_PATHS = NO;
				CLANG_CXX_LANGUAGE_STANDARD = "gnu++0x";
				CLANG_CXX_LIBRARY = "libc++";
				CLANG_ENABLE_MODULES = YES;
				CLANG_ENABLE_OBJC_ARC = YES;
				CLANG_WARN_BOOL_CONVERSION = YES;
				CLANG_WARN_CONSTANT_CONVERSION = YES;
				CLANG_WARN_DIRECT_OBJC_ISA_USAGE = YES_ERROR;
				CLANG_WARN_EMPTY_BODY = YES;
				CLANG_WARN_ENUM_CONVERSION = YES;
				CLANG_WARN_INT_CONVERSION = YES;
				CLANG_WARN_OBJC_ROOT_CLASS = YES_ERROR;
				CLANG_WARN_UNREACHABLE_CODE = YES;
				CLANG_WARN__DUPLICATE_METHOD_MATCH = YES;
				"CODE_SIGN_IDENTITY[sdk=iphoneos*]" = "iPhone Developer";
				COPY_PHASE_STRIP = NO;
				DEBUG_INFORMATION_FORMAT = "dwarf-with-dsym";
				ENABLE_NS_ASSERTIONS = NO;
				ENABLE_STRICT_OBJC_MSGSEND = YES;
				GCC_C_LANGUAGE_STANDARD = gnu99;
				GCC_NO_COMMON_BLOCKS = YES;
				GCC_WARN_64_TO_32_BIT_CONVERSION = YES;
				GCC_WARN_ABOUT_RETURN_TYPE = YES_ERROR;
				GCC_WARN_UNDECLARED_SELECTOR = YES;
				GCC_WARN_UNINITIALIZED_AUTOS = YES_AGGRESSIVE;
				GCC_WARN_UNUSED_FUNCTION = YES;
				GCC_WARN_UNUSED_VARIABLE = YES;
				IPHONEOS_DEPLOYMENT_TARGET = 9.1;
				MTL_ENABLE_DEBUG_INFO = NO;
				SDKROOT = iphoneos;
				TARGETED_DEVICE_FAMILY = "1,2";
				VALIDATE_PRODUCT = YES;
			};
			name = Release;
		};
		3055E7EA1CA2D7B000093058 /* Debug */ = {
			isa = XCBuildConfiguration;
			buildSettings = {
				ASSETCATALOG_COMPILER_APPICON_NAME = AppIcon;
				INFOPLIST_FILE = MultiRowTabBarDemo/Info.plist;
				LD_RUNPATH_SEARCH_PATHS = "$(inherited) @executable_path/Frameworks";
				PRODUCT_BUNDLE_IDENTIFIER = com.cnu.ios.MultiRowTabBarDemo;
				PRODUCT_NAME = "$(TARGET_NAME)";
			};
			name = Debug;
		};
		3055E7EB1CA2D7B000093058 /* Release */ = {
			isa = XCBuildConfiguration;
			buildSettings = {
				ASSETCATALOG_COMPILER_APPICON_NAME = AppIcon;
				INFOPLIST_FILE = MultiRowTabBarDemo/Info.plist;
				LD_RUNPATH_SEARCH_PATHS = "$(inherited) @executable_path/Frameworks";
				PRODUCT_BUNDLE_IDENTIFIER = com.cnu.ios.MultiRowTabBarDemo;
				PRODUCT_NAME = "$(TARGET_NAME)";
			};
			name = Release;
		};
/* End XCBuildConfiguration section */

/* Begin XCConfigurationList section */
		3055E7CD1CA2D7B000093058 /* Build configuration list for PBXProject "MultiRowTabBarDemo" */ = {
			isa = XCConfigurationList;
			buildConfigurations = (
				3055E7E71CA2D7B000093058 /* Debug */,
				3055E7E81CA2D7B000093058 /* Release */,
			);
			defaultConfigurationIsVisible = 0;
			defaultConfigurationName = Release;
		};
		3055E7E91CA2D7B000093058 /* Build configuration list for PBXNativeTarget "MultiRowTabBarDemo" */ = {
			isa = XCConfigurationList;
			buildConfigurations = (
				3055E7EA1CA2D7B000093058 /* Debug */,
				3055E7EB1CA2D7B000093058 /* Release */,
			);
			defaultConfigurationIsVisible = 0;
		};
/* End XCConfigurationList section */
	};
	rootObject = 3055E7CA1CA2D7B000093058 /* Project object */;
}
